
Microsoft Visual Studio Solution File, Format Version 12.00
# Visual Studio 2013
VisualStudioVersion = 12.0.21005.1
MinimumVisualStudioVersion = 10.0.40219.1
Project("{FAE04EC0-301F-11D3-BF4B-00C04F79EFBC}") = "Genesis.Net", "Genesis.NET\Genesis.NET.csproj", "{CE60DDB9-6174-4D5C-A659-94AA29FE53A2}"
EndProject
Project("{FAE04EC0-301F-11D3-BF4B-00C04F79EFBC}") = "Genesis.Net.Specs", "Genesis.NET.Specs\Genesis.NET.Specs.csproj", "{FA80D01E-574B-41E2-BC0D-60D9CB668757}"
EndProject
Global
	GlobalSection(SolutionConfigurationPlatforms) = preSolution
		Debug|Any CPU = Debug|Any CPU
		Release|Any CPU = Release|Any CPU
	EndGlobalSection
	GlobalSection(ProjectConfigurationPlatforms) = postSolution
		{CE60DDB9-6174-4D5C-A659-94AA29FE53A2}.Debug|Any CPU.ActiveCfg = Debug|Any CPU
		{CE60DDB9-6174-4D5C-A659-94AA29FE53A2}.Debug|Any CPU.Build.0 = Debug|Any CPU
		{CE60DDB9-6174-4D5C-A659-94AA29FE53A2}.Release|Any CPU.ActiveCfg = Release|Any CPU
		{CE60DDB9-6174-4D5C-A659-94AA29FE53A2}.Release|Any CPU.Build.0 = Release|Any CPU
		{FA80D01E-574B-41E2-BC0D-60D9CB668757}.Debug|Any CPU.ActiveCfg = Debug|Any CPU
		{FA80D01E-574B-41E2-BC0D-60D9CB668757}.Debug|Any CPU.Build.0 = Debug|Any CPU
		{FA80D01E-574B-41E2-BC0D-60D9CB668757}.Release|Any CPU.ActiveCfg = Release|Any CPU
		{FA80D01E-574B-41E2-BC0D-60D9CB668757}.Release|Any CPU.Build.0 = Release|Any CPU
	EndGlobalSection
	GlobalSection(SolutionProperties) = preSolution
		HideSolutionNode = FALSE
	EndGlobalSection
EndGlobal
